// !$*UTF8*$!
{
	archiveVersion = 1;
	classes = {
	};
	objectVersion = 56;
	objects = {

/* Begin PBXBuildFile section */
		1D99A4CA2AB55B4C00F41F4F /* WelcomeView.swift in Sources */ = {isa = PBXBuildFile; fileRef = 1D99A4C92AB55B4C00F41F4F /* WelcomeView.swift */; };
		1D99A4CD2AB55B6200F41F4F /* LoginView.swift in Sources */ = {isa = PBXBuildFile; fileRef = 1D99A4CC2AB55B6200F41F4F /* LoginView.swift */; };
		2FA10F0A2AB42CD900E117B4 /* PostCell.swift in Sources */ = {isa = PBXBuildFile; fileRef = 2FA10F092AB42CD900E117B4 /* PostCell.swift */; };
		3B1599B92AB42559000A6410 /* ChatRoom.swift in Sources */ = {isa = PBXBuildFile; fileRef = 3B1599B82AB42559000A6410 /* ChatRoom.swift */; };
		3B1599BB2AB425D0000A6410 /* ChatBubble.swift in Sources */ = {isa = PBXBuildFile; fileRef = 3B1599BA2AB425D0000A6410 /* ChatBubble.swift */; };
		6308B4992AB4189E00CFEA4D /* MainTabView.swift in Sources */ = {isa = PBXBuildFile; fileRef = 6308B4982AB4189E00CFEA4D /* MainTabView.swift */; };
		6308B49B2AB4189F00CFEA4D /* Assets.xcassets in Resources */ = {isa = PBXBuildFile; fileRef = 6308B49A2AB4189F00CFEA4D /* Assets.xcassets */; };
		6308B49F2AB4189F00CFEA4D /* Preview Assets.xcassets in Resources */ = {isa = PBXBuildFile; fileRef = 6308B49E2AB4189F00CFEA4D /* Preview Assets.xcassets */; };
		6308B4A92AB41A4700CFEA4D /* FirebaseAuth in Frameworks */ = {isa = PBXBuildFile; productRef = 6308B4A82AB41A4700CFEA4D /* FirebaseAuth */; };
		6308B4AB2AB41A4700CFEA4D /* FirebaseDatabase in Frameworks */ = {isa = PBXBuildFile; productRef = 6308B4AA2AB41A4700CFEA4D /* FirebaseDatabase */; };
		6308B4AD2AB41A4700CFEA4D /* FirebaseDatabaseSwift in Frameworks */ = {isa = PBXBuildFile; productRef = 6308B4AC2AB41A4700CFEA4D /* FirebaseDatabaseSwift */; };
		6308B4AF2AB41A4700CFEA4D /* FirebaseFirestore in Frameworks */ = {isa = PBXBuildFile; productRef = 6308B4AE2AB41A4700CFEA4D /* FirebaseFirestore */; };
		6308B4B12AB41A4700CFEA4D /* FirebaseFirestoreCombine-Community in Frameworks */ = {isa = PBXBuildFile; productRef = 6308B4B02AB41A4700CFEA4D /* FirebaseFirestoreCombine-Community */; };
		6308B4B32AB41A4700CFEA4D /* FirebaseFirestoreSwift in Frameworks */ = {isa = PBXBuildFile; productRef = 6308B4B22AB41A4700CFEA4D /* FirebaseFirestoreSwift */; };
		6308B4B52AB41A4700CFEA4D /* FirebaseMessaging in Frameworks */ = {isa = PBXBuildFile; productRef = 6308B4B42AB41A4700CFEA4D /* FirebaseMessaging */; };
		6308B4B72AB41A4700CFEA4D /* FirebaseStorage in Frameworks */ = {isa = PBXBuildFile; productRef = 6308B4B62AB41A4700CFEA4D /* FirebaseStorage */; };
		6308B4B92AB41B0100CFEA4D /* MyPageView.swift in Sources */ = {isa = PBXBuildFile; fileRef = 6308B4B82AB41B0100CFEA4D /* MyPageView.swift */; };
		6308B4BD2AB41B8F00CFEA4D /* MainPostView.swift in Sources */ = {isa = PBXBuildFile; fileRef = 6308B4BC2AB41B8F00CFEA4D /* MainPostView.swift */; };
		63BFA6382AB42CE6006BAF33 /* ChattingView.swift in Sources */ = {isa = PBXBuildFile; fileRef = 63BFA6372AB42CE6006BAF33 /* ChattingView.swift */; };
		63BFA63A2AB43CA2006BAF33 /* ChattingBubbleView.swift in Sources */ = {isa = PBXBuildFile; fileRef = 63BFA6392AB43CA2006BAF33 /* ChattingBubbleView.swift */; };
		63BFA63C2AB43E22006BAF33 /* TempChatbubbleStore.swift in Sources */ = {isa = PBXBuildFile; fileRef = 63BFA63B2AB43E22006BAF33 /* TempChatbubbleStore.swift */; };
		96B512FE2AB4240C004D9FD1 /* PostEditView.swift in Sources */ = {isa = PBXBuildFile; fileRef = 96B512FD2AB4240C004D9FD1 /* PostEditView.swift */; };
		96B513022AB42F22004D9FD1 /* ImageAddView.swift in Sources */ = {isa = PBXBuildFile; fileRef = 96B513012AB42F22004D9FD1 /* ImageAddView.swift */; };
		96B513052AB43485004D9FD1 /* MyTextField.swift in Sources */ = {isa = PBXBuildFile; fileRef = 96B513042AB43485004D9FD1 /* MyTextField.swift */; };
		96B513082AB43945004D9FD1 /* EditTextEditor.swift in Sources */ = {isa = PBXBuildFile; fileRef = 96B513072AB43945004D9FD1 /* EditTextEditor.swift */; };
		96B5130B2AB43F35004D9FD1 /* KeyBoardHelper.swift in Sources */ = {isa = PBXBuildFile; fileRef = 96B5130A2AB43F35004D9FD1 /* KeyBoardHelper.swift */; };
		B090087C2AB5287800A8DB01 /* GoogleService-Info.plist in Resources */ = {isa = PBXBuildFile; fileRef = B090087B2AB5287800A8DB01 /* GoogleService-Info.plist */; };
		B090087E2AB542E000A8DB01 /* RegisterViewModel.swift in Sources */ = {isa = PBXBuildFile; fileRef = B090087D2AB542E000A8DB01 /* RegisterViewModel.swift */; };
		B0C9B9CF2AB4552D0044DAA5 /* CustomTextStyle.swift in Sources */ = {isa = PBXBuildFile; fileRef = B0C9B9CE2AB4552D0044DAA5 /* CustomTextStyle.swift */; };
		D862E95B2AB5B53F00438768 /* Post.swift in Sources */ = {isa = PBXBuildFile; fileRef = D862E95A2AB5B53F00438768 /* Post.swift */; };
		D862E95D2AB5B55000438768 /* PostViewModel.swift in Sources */ = {isa = PBXBuildFile; fileRef = D862E95C2AB5B55000438768 /* PostViewModel.swift */; };
		D862E95F2AB5B59A00438768 /* PostDetailView.swift in Sources */ = {isa = PBXBuildFile; fileRef = D862E95E2AB5B59A00438768 /* PostDetailView.swift */; };
		D862E9612AB5B5A500438768 /* PostDetailContentView.swift in Sources */ = {isa = PBXBuildFile; fileRef = D862E9602AB5B5A500438768 /* PostDetailContentView.swift */; };
		D862E9622AB5B7EB00438768 /* BuyLikeLionApp.swift in Sources */ = {isa = PBXBuildFile; fileRef = 6308B4962AB4189E00CFEA4D /* BuyLikeLionApp.swift */; };
		D862E9632AB5B7F700438768 /* ChattingListView.swift in Sources */ = {isa = PBXBuildFile; fileRef = 6308B4BA2AB41B1900CFEA4D /* ChattingListView.swift */; };
		D862E9642AB5B80100438768 /* CustomButton.swift in Sources */ = {isa = PBXBuildFile; fileRef = B0C9B9C42AB42F530044DAA5 /* CustomButton.swift */; };
		D862E9652AB5B80B00438768 /* CustomNavigationBackButton.swift in Sources */ = {isa = PBXBuildFile; fileRef = B0C9B9C62AB431BB0044DAA5 /* CustomNavigationBackButton.swift */; };
		D862E9662AB5B81800438768 /* RegisterView.swift in Sources */ = {isa = PBXBuildFile; fileRef = B0C9B9BE2AB425990044DAA5 /* RegisterView.swift */; };
		DC4DBF0F2AB42BF600311F55 /* SearchView.swift in Sources */ = {isa = PBXBuildFile; fileRef = DC4DBF0E2AB42BF600311F55 /* SearchView.swift */; };
		DC4DBF112AB4300300311F55 /* SearchResultView.swift in Sources */ = {isa = PBXBuildFile; fileRef = DC4DBF102AB4300300311F55 /* SearchResultView.swift */; };
		DC4DBF132AB443D100311F55 /* SearchViewModel.swift in Sources */ = {isa = PBXBuildFile; fileRef = DC4DBF122AB443D100311F55 /* SearchViewModel.swift */; };
/* End PBXBuildFile section */

/* Begin PBXFileReference section */
		1D99A4C92AB55B4C00F41F4F /* WelcomeView.swift */ = {isa = PBXFileReference; lastKnownFileType = sourcecode.swift; path = WelcomeView.swift; sourceTree = "<group>"; };
		1D99A4CC2AB55B6200F41F4F /* LoginView.swift */ = {isa = PBXFileReference; lastKnownFileType = sourcecode.swift; path = LoginView.swift; sourceTree = "<group>"; };
		2FA10F092AB42CD900E117B4 /* PostCell.swift */ = {isa = PBXFileReference; lastKnownFileType = sourcecode.swift; path = PostCell.swift; sourceTree = "<group>"; };
		3B1599B82AB42559000A6410 /* ChatRoom.swift */ = {isa = PBXFileReference; lastKnownFileType = sourcecode.swift; name = ChatRoom.swift; path = BuyLikeLion/Model/ChatRoom.swift; sourceTree = SOURCE_ROOT; };
		3B1599BA2AB425D0000A6410 /* ChatBubble.swift */ = {isa = PBXFileReference; lastKnownFileType = sourcecode.swift; name = ChatBubble.swift; path = BuyLikeLion/Model/ChatBubble.swift; sourceTree = SOURCE_ROOT; };
		3B64B1BC2AB434E4007B24E3 /* ChatData.json */ = {isa = PBXFileReference; lastKnownFileType = text.json; path = ChatData.json; sourceTree = "<group>"; };
		6308B4932AB4189E00CFEA4D /* BuyLikeLion.app */ = {isa = PBXFileReference; explicitFileType = wrapper.application; includeInIndex = 0; path = BuyLikeLion.app; sourceTree = BUILT_PRODUCTS_DIR; };
		6308B4962AB4189E00CFEA4D /* BuyLikeLionApp.swift */ = {isa = PBXFileReference; lastKnownFileType = sourcecode.swift; path = BuyLikeLionApp.swift; sourceTree = "<group>"; };
		6308B4982AB4189E00CFEA4D /* MainTabView.swift */ = {isa = PBXFileReference; lastKnownFileType = sourcecode.swift; path = MainTabView.swift; sourceTree = "<group>"; };
		6308B49A2AB4189F00CFEA4D /* Assets.xcassets */ = {isa = PBXFileReference; lastKnownFileType = folder.assetcatalog; path = Assets.xcassets; sourceTree = "<group>"; };
		6308B49C2AB4189F00CFEA4D /* BuyLikeLion.entitlements */ = {isa = PBXFileReference; lastKnownFileType = text.plist.entitlements; path = BuyLikeLion.entitlements; sourceTree = "<group>"; };
		6308B49E2AB4189F00CFEA4D /* Preview Assets.xcassets */ = {isa = PBXFileReference; lastKnownFileType = folder.assetcatalog; path = "Preview Assets.xcassets"; sourceTree = "<group>"; };
		6308B4B82AB41B0100CFEA4D /* MyPageView.swift */ = {isa = PBXFileReference; lastKnownFileType = sourcecode.swift; path = MyPageView.swift; sourceTree = "<group>"; };
		6308B4BA2AB41B1900CFEA4D /* ChattingListView.swift */ = {isa = PBXFileReference; lastKnownFileType = sourcecode.swift; path = ChattingListView.swift; sourceTree = "<group>"; };
		6308B4BC2AB41B8F00CFEA4D /* MainPostView.swift */ = {isa = PBXFileReference; lastKnownFileType = sourcecode.swift; path = MainPostView.swift; sourceTree = "<group>"; };
		63BFA6372AB42CE6006BAF33 /* ChattingView.swift */ = {isa = PBXFileReference; lastKnownFileType = sourcecode.swift; path = ChattingView.swift; sourceTree = "<group>"; };
		63BFA6392AB43CA2006BAF33 /* ChattingBubbleView.swift */ = {isa = PBXFileReference; lastKnownFileType = sourcecode.swift; path = ChattingBubbleView.swift; sourceTree = "<group>"; };
		63BFA63B2AB43E22006BAF33 /* TempChatbubbleStore.swift */ = {isa = PBXFileReference; lastKnownFileType = sourcecode.swift; path = TempChatbubbleStore.swift; sourceTree = "<group>"; };
		96B512FD2AB4240C004D9FD1 /* PostEditView.swift */ = {isa = PBXFileReference; lastKnownFileType = sourcecode.swift; path = PostEditView.swift; sourceTree = "<group>"; };
		96B513012AB42F22004D9FD1 /* ImageAddView.swift */ = {isa = PBXFileReference; lastKnownFileType = sourcecode.swift; path = ImageAddView.swift; sourceTree = "<group>"; };
		96B513042AB43485004D9FD1 /* MyTextField.swift */ = {isa = PBXFileReference; lastKnownFileType = sourcecode.swift; path = MyTextField.swift; sourceTree = "<group>"; };
		96B513072AB43945004D9FD1 /* EditTextEditor.swift */ = {isa = PBXFileReference; lastKnownFileType = sourcecode.swift; path = EditTextEditor.swift; sourceTree = "<group>"; };
		96B5130A2AB43F35004D9FD1 /* KeyBoardHelper.swift */ = {isa = PBXFileReference; lastKnownFileType = sourcecode.swift; path = KeyBoardHelper.swift; sourceTree = "<group>"; };
		B090087B2AB5287800A8DB01 /* GoogleService-Info.plist */ = {isa = PBXFileReference; fileEncoding = 4; lastKnownFileType = text.plist.xml; path = "GoogleService-Info.plist"; sourceTree = "<group>"; };
		B090087D2AB542E000A8DB01 /* RegisterViewModel.swift */ = {isa = PBXFileReference; lastKnownFileType = sourcecode.swift; path = RegisterViewModel.swift; sourceTree = "<group>"; };
		B0C9B9BE2AB425990044DAA5 /* RegisterView.swift */ = {isa = PBXFileReference; lastKnownFileType = sourcecode.swift; path = RegisterView.swift; sourceTree = "<group>"; };
		B0C9B9C42AB42F530044DAA5 /* CustomButton.swift */ = {isa = PBXFileReference; lastKnownFileType = sourcecode.swift; path = CustomButton.swift; sourceTree = "<group>"; };
		B0C9B9C62AB431BB0044DAA5 /* CustomNavigationBackButton.swift */ = {isa = PBXFileReference; lastKnownFileType = sourcecode.swift; path = CustomNavigationBackButton.swift; sourceTree = "<group>"; };
		B0C9B9CE2AB4552D0044DAA5 /* CustomTextStyle.swift */ = {isa = PBXFileReference; lastKnownFileType = sourcecode.swift; path = CustomTextStyle.swift; sourceTree = "<group>"; };
		D862E95A2AB5B53F00438768 /* Post.swift */ = {isa = PBXFileReference; lastKnownFileType = sourcecode.swift; path = Post.swift; sourceTree = "<group>"; };
		D862E95C2AB5B55000438768 /* PostViewModel.swift */ = {isa = PBXFileReference; lastKnownFileType = sourcecode.swift; path = PostViewModel.swift; sourceTree = "<group>"; };
		D862E95E2AB5B59A00438768 /* PostDetailView.swift */ = {isa = PBXFileReference; fileEncoding = 4; lastKnownFileType = sourcecode.swift; path = PostDetailView.swift; sourceTree = "<group>"; };
		D862E9602AB5B5A500438768 /* PostDetailContentView.swift */ = {isa = PBXFileReference; fileEncoding = 4; lastKnownFileType = sourcecode.swift; path = PostDetailContentView.swift; sourceTree = "<group>"; };
		DC4DBF0E2AB42BF600311F55 /* SearchView.swift */ = {isa = PBXFileReference; lastKnownFileType = sourcecode.swift; path = SearchView.swift; sourceTree = "<group>"; };
		DC4DBF102AB4300300311F55 /* SearchResultView.swift */ = {isa = PBXFileReference; lastKnownFileType = sourcecode.swift; path = SearchResultView.swift; sourceTree = "<group>"; };
		DC4DBF122AB443D100311F55 /* SearchViewModel.swift */ = {isa = PBXFileReference; lastKnownFileType = sourcecode.swift; name = SearchViewModel.swift; path = BuyLikeLion/View/Search/SearchViewModel.swift; sourceTree = SOURCE_ROOT; };
/* End PBXFileReference section */

/* Begin PBXFrameworksBuildPhase section */
		6308B4902AB4189E00CFEA4D /* Frameworks */ = {
			isa = PBXFrameworksBuildPhase;
			buildActionMask = 2147483647;
			files = (
				6308B4AD2AB41A4700CFEA4D /* FirebaseDatabaseSwift in Frameworks */,
				6308B4AF2AB41A4700CFEA4D /* FirebaseFirestore in Frameworks */,
				6308B4B52AB41A4700CFEA4D /* FirebaseMessaging in Frameworks */,
				6308B4AB2AB41A4700CFEA4D /* FirebaseDatabase in Frameworks */,
				6308B4B12AB41A4700CFEA4D /* FirebaseFirestoreCombine-Community in Frameworks */,
				6308B4B72AB41A4700CFEA4D /* FirebaseStorage in Frameworks */,
				6308B4A92AB41A4700CFEA4D /* FirebaseAuth in Frameworks */,
				6308B4B32AB41A4700CFEA4D /* FirebaseFirestoreSwift in Frameworks */,
			);
			runOnlyForDeploymentPostprocessing = 0;
		};
/* End PBXFrameworksBuildPhase section */

/* Begin PBXGroup section */
		1D99A4C82AB55B2D00F41F4F /* Authentication */ = {
			isa = PBXGroup;
			children = (
				1D99A4C92AB55B4C00F41F4F /* WelcomeView.swift */,
				1D99A4CC2AB55B6200F41F4F /* LoginView.swift */,
			);
			path = Authentication;
			sourceTree = "<group>";
		};
		2FA10F082AB42CAA00E117B4 /* SubView */ = {
			isa = PBXGroup;
			children = (
				2FA10F092AB42CD900E117B4 /* PostCell.swift */,
			);
			path = SubView;
			sourceTree = "<group>";
		};
		6308B48A2AB4189E00CFEA4D = {
			isa = PBXGroup;
			children = (
				B090087B2AB5287800A8DB01 /* GoogleService-Info.plist */,
				6308B4952AB4189E00CFEA4D /* BuyLikeLion */,
				6308B4942AB4189E00CFEA4D /* Products */,
			);
			sourceTree = "<group>";
		};
		6308B4942AB4189E00CFEA4D /* Products */ = {
			isa = PBXGroup;
			children = (
				6308B4932AB4189E00CFEA4D /* BuyLikeLion.app */,
			);
			name = Products;
			sourceTree = "<group>";
		};
		6308B4952AB4189E00CFEA4D /* BuyLikeLion */ = {
			isa = PBXGroup;
			children = (
				D862E9592AB5B51F00438768 /* Model */,
				96B513092AB43F27004D9FD1 /* Util */,
				6308B4BF2AB41BEB00CFEA4D /* ViewModel */,
				6308B4BE2AB41BE300CFEA4D /* View */,
				6308B49A2AB4189F00CFEA4D /* Assets.xcassets */,
				6308B49C2AB4189F00CFEA4D /* BuyLikeLion.entitlements */,
				6308B49D2AB4189F00CFEA4D /* Preview Content */,
			);
			path = BuyLikeLion;
			sourceTree = "<group>";
		};
		6308B49D2AB4189F00CFEA4D /* Preview Content */ = {
			isa = PBXGroup;
			children = (
				6308B49E2AB4189F00CFEA4D /* Preview Assets.xcassets */,
				3B64B1BC2AB434E4007B24E3 /* ChatData.json */,
			);
			path = "Preview Content";
			sourceTree = "<group>";
		};
		6308B4BE2AB41BE300CFEA4D /* View */ = {
			isa = PBXGroup;
			children = (
				6308B4962AB4189E00CFEA4D /* BuyLikeLionApp.swift */,
				6308B4982AB4189E00CFEA4D /* MainTabView.swift */,
				1D99A4C82AB55B2D00F41F4F /* Authentication */,
				96B5130C2AB451C5004D9FD1 /* Register */,
				6308B4C22AB41C1000CFEA4D /* Post */,
				96B512FC2AB423CC004D9FD1 /* EditVIew */,
				DC4DBF0D2AB42BE600311F55 /* Search */,
				6308B4C32AB41C1B00CFEA4D /* Chatting */,
				6308B4C12AB41C0600CFEA4D /* MyPage */,
			);
			path = View;
			sourceTree = "<group>";
		};
		6308B4BF2AB41BEB00CFEA4D /* ViewModel */ = {
			isa = PBXGroup;
			children = (
				DC4DBF122AB443D100311F55 /* SearchViewModel.swift */,
				63BFA63B2AB43E22006BAF33 /* TempChatbubbleStore.swift */,
				D862E95C2AB5B55000438768 /* PostViewModel.swift */,
			);
			path = ViewModel;
			sourceTree = "<group>";
		};
		6308B4C12AB41C0600CFEA4D /* MyPage */ = {
			isa = PBXGroup;
			children = (
				6308B4B82AB41B0100CFEA4D /* MyPageView.swift */,
			);
			path = MyPage;
			sourceTree = "<group>";
		};
		6308B4C22AB41C1000CFEA4D /* Post */ = {
			isa = PBXGroup;
			children = (
				6308B4BC2AB41B8F00CFEA4D /* MainPostView.swift */,
				D862E95E2AB5B59A00438768 /* PostDetailView.swift */,
				D862E9602AB5B5A500438768 /* PostDetailContentView.swift */,
				2FA10F082AB42CAA00E117B4 /* SubView */,
			);
			path = Post;
			sourceTree = "<group>";
		};
		6308B4C32AB41C1B00CFEA4D /* Chatting */ = {
			isa = PBXGroup;
			children = (
				63BFA6372AB42CE6006BAF33 /* ChattingView.swift */,
				6308B4BA2AB41B1900CFEA4D /* ChattingListView.swift */,
				63BFA6392AB43CA2006BAF33 /* ChattingBubbleView.swift */,
			);
			path = Chatting;
			sourceTree = "<group>";
		};
		96B512FC2AB423CC004D9FD1 /* EditVIew */ = {
			isa = PBXGroup;
			children = (
				96B513062AB4348E004D9FD1 /* View */,
				96B513032AB42F25004D9FD1 /* SubView */,
			);
			path = EditVIew;
			sourceTree = "<group>";
		};
		96B513032AB42F25004D9FD1 /* SubView */ = {
			isa = PBXGroup;
			children = (
				96B513012AB42F22004D9FD1 /* ImageAddView.swift */,
				96B513042AB43485004D9FD1 /* MyTextField.swift */,
				96B513072AB43945004D9FD1 /* EditTextEditor.swift */,
			);
			path = SubView;
			sourceTree = "<group>";
		};
		96B513062AB4348E004D9FD1 /* View */ = {
			isa = PBXGroup;
			children = (
				96B512FD2AB4240C004D9FD1 /* PostEditView.swift */,
			);
			path = View;
			sourceTree = "<group>";
		};
		96B513092AB43F27004D9FD1 /* Util */ = {
			isa = PBXGroup;
			children = (
				96B5130A2AB43F35004D9FD1 /* KeyBoardHelper.swift */,
			);
			path = Util;
			sourceTree = "<group>";
		};
		96B5130C2AB451C5004D9FD1 /* Register */ = {
			isa = PBXGroup;
			children = (
				B0C9B9BE2AB425990044DAA5 /* RegisterView.swift */,
				B090087D2AB542E000A8DB01 /* RegisterViewModel.swift */,
				B0C9B9C42AB42F530044DAA5 /* CustomButton.swift */,
				B0C9B9C62AB431BB0044DAA5 /* CustomNavigationBackButton.swift */,
				B0C9B9CE2AB4552D0044DAA5 /* CustomTextStyle.swift */,
			);
			path = Register;
			sourceTree = "<group>";
		};
		D862E9592AB5B51F00438768 /* Model */ = {
			isa = PBXGroup;
			children = (
				3B1599B82AB42559000A6410 /* ChatRoom.swift */,
				3B1599BA2AB425D0000A6410 /* ChatBubble.swift */,
				D862E95A2AB5B53F00438768 /* Post.swift */,
			);
			path = Model;
			sourceTree = "<group>";
		};
		DC4DBF0D2AB42BE600311F55 /* Search */ = {
			isa = PBXGroup;
			children = (
				DC4DBF0E2AB42BF600311F55 /* SearchView.swift */,
				DC4DBF102AB4300300311F55 /* SearchResultView.swift */,
			);
			path = Search;
			sourceTree = "<group>";
		};
/* End PBXGroup section */

/* Begin PBXNativeTarget section */
		6308B4922AB4189E00CFEA4D /* BuyLikeLion */ = {
			isa = PBXNativeTarget;
			buildConfigurationList = 6308B4A22AB4189F00CFEA4D /* Build configuration list for PBXNativeTarget "BuyLikeLion" */;
			buildPhases = (
				6308B48F2AB4189E00CFEA4D /* Sources */,
				6308B4902AB4189E00CFEA4D /* Frameworks */,
				6308B4912AB4189E00CFEA4D /* Resources */,
			);
			buildRules = (
			);
			dependencies = (
			);
			name = BuyLikeLion;
			packageProductDependencies = (
				6308B4A82AB41A4700CFEA4D /* FirebaseAuth */,
				6308B4AA2AB41A4700CFEA4D /* FirebaseDatabase */,
				6308B4AC2AB41A4700CFEA4D /* FirebaseDatabaseSwift */,
				6308B4AE2AB41A4700CFEA4D /* FirebaseFirestore */,
				6308B4B02AB41A4700CFEA4D /* FirebaseFirestoreCombine-Community */,
				6308B4B22AB41A4700CFEA4D /* FirebaseFirestoreSwift */,
				6308B4B42AB41A4700CFEA4D /* FirebaseMessaging */,
				6308B4B62AB41A4700CFEA4D /* FirebaseStorage */,
			);
			productName = BuyLikeLion;
			productReference = 6308B4932AB4189E00CFEA4D /* BuyLikeLion.app */;
			productType = "com.apple.product-type.application";
		};
/* End PBXNativeTarget section */

/* Begin PBXProject section */
		6308B48B2AB4189E00CFEA4D /* Project object */ = {
			isa = PBXProject;
			attributes = {
				BuildIndependentTargetsInParallel = 1;
				LastSwiftUpdateCheck = 1430;
				LastUpgradeCheck = 1430;
				TargetAttributes = {
					6308B4922AB4189E00CFEA4D = {
						CreatedOnToolsVersion = 14.3.1;
					};
				};
			};
			buildConfigurationList = 6308B48E2AB4189E00CFEA4D /* Build configuration list for PBXProject "BuyLikeLion" */;
			compatibilityVersion = "Xcode 14.0";
			developmentRegion = en;
			hasScannedForEncodings = 0;
			knownRegions = (
				en,
				Base,
			);
			mainGroup = 6308B48A2AB4189E00CFEA4D;
			packageReferences = (
				6308B4A72AB41A4700CFEA4D /* XCRemoteSwiftPackageReference "firebase-ios-sdk" */,
			);
			productRefGroup = 6308B4942AB4189E00CFEA4D /* Products */;
			projectDirPath = "";
			projectRoot = "";
			targets = (
				6308B4922AB4189E00CFEA4D /* BuyLikeLion */,
			);
		};
/* End PBXProject section */

/* Begin PBXResourcesBuildPhase section */
		6308B4912AB4189E00CFEA4D /* Resources */ = {
			isa = PBXResourcesBuildPhase;
			buildActionMask = 2147483647;
			files = (
				6308B49F2AB4189F00CFEA4D /* Preview Assets.xcassets in Resources */,
				6308B49B2AB4189F00CFEA4D /* Assets.xcassets in Resources */,
				B090087C2AB5287800A8DB01 /* GoogleService-Info.plist in Resources */,
			);
			runOnlyForDeploymentPostprocessing = 0;
		};
/* End PBXResourcesBuildPhase section */

/* Begin PBXSourcesBuildPhase section */
		6308B48F2AB4189E00CFEA4D /* Sources */ = {
			isa = PBXSourcesBuildPhase;
			buildActionMask = 2147483647;
			files = (
				D862E9662AB5B81800438768 /* RegisterView.swift in Sources */,
				D862E9652AB5B80B00438768 /* CustomNavigationBackButton.swift in Sources */,
				D862E9642AB5B80100438768 /* CustomButton.swift in Sources */,
				D862E9632AB5B7F700438768 /* ChattingListView.swift in Sources */,
				D862E9622AB5B7EB00438768 /* BuyLikeLionApp.swift in Sources */,
				3B1599B92AB42559000A6410 /* ChatRoom.swift in Sources */,
				6308B4992AB4189E00CFEA4D /* MainTabView.swift in Sources */,
				DC4DBF112AB4300300311F55 /* SearchResultView.swift in Sources */,
				DC4DBF132AB443D100311F55 /* SearchViewModel.swift in Sources */,
				63BFA63C2AB43E22006BAF33 /* TempChatbubbleStore.swift in Sources */,
				96B513082AB43945004D9FD1 /* EditTextEditor.swift in Sources */,
				96B5130B2AB43F35004D9FD1 /* KeyBoardHelper.swift in Sources */,
				96B512FE2AB4240C004D9FD1 /* PostEditView.swift in Sources */,
				96B513052AB43485004D9FD1 /* MyTextField.swift in Sources */,
				D862E95D2AB5B55000438768 /* PostViewModel.swift in Sources */,
				96B513022AB42F22004D9FD1 /* ImageAddView.swift in Sources */,
				B0C9B9CF2AB4552D0044DAA5 /* CustomTextStyle.swift in Sources */,
				B090087E2AB542E000A8DB01 /* RegisterViewModel.swift in Sources */,
				1D99A4CA2AB55B4C00F41F4F /* WelcomeView.swift in Sources */,
				D862E95B2AB5B53F00438768 /* Post.swift in Sources */,
				63BFA6382AB42CE6006BAF33 /* ChattingView.swift in Sources */,
				D862E95F2AB5B59A00438768 /* PostDetailView.swift in Sources */,
				63BFA63A2AB43CA2006BAF33 /* ChattingBubbleView.swift in Sources */,
				6308B4BD2AB41B8F00CFEA4D /* MainPostView.swift in Sources */,
				DC4DBF0F2AB42BF600311F55 /* SearchView.swift in Sources */,
				6308B4B92AB41B0100CFEA4D /* MyPageView.swift in Sources */,
				1D99A4CD2AB55B6200F41F4F /* LoginView.swift in Sources */,
				3B1599BB2AB425D0000A6410 /* ChatBubble.swift in Sources */,
				2FA10F0A2AB42CD900E117B4 /* PostCell.swift in Sources */,
				D862E9612AB5B5A500438768 /* PostDetailContentView.swift in Sources */,
			);
			runOnlyForDeploymentPostprocessing = 0;
		};
/* End PBXSourcesBuildPhase section */

/* Begin XCBuildConfiguration section */
		6308B4A02AB4189F00CFEA4D /* Debug */ = {
			isa = XCBuildConfiguration;
			buildSettings = {
				ALWAYS_SEARCH_USER_PATHS = NO;
				CLANG_ANALYZER_NONNULL = YES;
				CLANG_ANALYZER_NUMBER_OBJECT_CONVERSION = YES_AGGRESSIVE;
				CLANG_CXX_LANGUAGE_STANDARD = "gnu++20";
				CLANG_ENABLE_MODULES = YES;
				CLANG_ENABLE_OBJC_ARC = YES;
				CLANG_ENABLE_OBJC_WEAK = YES;
				CLANG_WARN_BLOCK_CAPTURE_AUTORELEASING = YES;
				CLANG_WARN_BOOL_CONVERSION = YES;
				CLANG_WARN_COMMA = YES;
				CLANG_WARN_CONSTANT_CONVERSION = YES;
				CLANG_WARN_DEPRECATED_OBJC_IMPLEMENTATIONS = YES;
				CLANG_WARN_DIRECT_OBJC_ISA_USAGE = YES_ERROR;
				CLANG_WARN_DOCUMENTATION_COMMENTS = YES;
				CLANG_WARN_EMPTY_BODY = YES;
				CLANG_WARN_ENUM_CONVERSION = YES;
				CLANG_WARN_INFINITE_RECURSION = YES;
				CLANG_WARN_INT_CONVERSION = YES;
				CLANG_WARN_NON_LITERAL_NULL_CONVERSION = YES;
				CLANG_WARN_OBJC_IMPLICIT_RETAIN_SELF = YES;
				CLANG_WARN_OBJC_LITERAL_CONVERSION = YES;
				CLANG_WARN_OBJC_ROOT_CLASS = YES_ERROR;
				CLANG_WARN_QUOTED_INCLUDE_IN_FRAMEWORK_HEADER = YES;
				CLANG_WARN_RANGE_LOOP_ANALYSIS = YES;
				CLANG_WARN_STRICT_PROTOTYPES = YES;
				CLANG_WARN_SUSPICIOUS_MOVE = YES;
				CLANG_WARN_UNGUARDED_AVAILABILITY = YES_AGGRESSIVE;
				CLANG_WARN_UNREACHABLE_CODE = YES;
				CLANG_WARN__DUPLICATE_METHOD_MATCH = YES;
				COPY_PHASE_STRIP = NO;
				DEBUG_INFORMATION_FORMAT = dwarf;
				ENABLE_STRICT_OBJC_MSGSEND = YES;
				ENABLE_TESTABILITY = YES;
				GCC_C_LANGUAGE_STANDARD = gnu11;
				GCC_DYNAMIC_NO_PIC = NO;
				GCC_NO_COMMON_BLOCKS = YES;
				GCC_OPTIMIZATION_LEVEL = 0;
				GCC_PREPROCESSOR_DEFINITIONS = (
					"DEBUG=1",
					"$(inherited)",
				);
				GCC_WARN_64_TO_32_BIT_CONVERSION = YES;
				GCC_WARN_ABOUT_RETURN_TYPE = YES_ERROR;
				GCC_WARN_UNDECLARED_SELECTOR = YES;
				GCC_WARN_UNINITIALIZED_AUTOS = YES_AGGRESSIVE;
				GCC_WARN_UNUSED_FUNCTION = YES;
				GCC_WARN_UNUSED_VARIABLE = YES;
				MTL_ENABLE_DEBUG_INFO = INCLUDE_SOURCE;
				MTL_FAST_MATH = YES;
				ONLY_ACTIVE_ARCH = YES;
				SWIFT_ACTIVE_COMPILATION_CONDITIONS = DEBUG;
				SWIFT_OPTIMIZATION_LEVEL = "-Onone";
			};
			name = Debug;
		};
		6308B4A12AB4189F00CFEA4D /* Release */ = {
			isa = XCBuildConfiguration;
			buildSettings = {
				ALWAYS_SEARCH_USER_PATHS = NO;
				CLANG_ANALYZER_NONNULL = YES;
				CLANG_ANALYZER_NUMBER_OBJECT_CONVERSION = YES_AGGRESSIVE;
				CLANG_CXX_LANGUAGE_STANDARD = "gnu++20";
				CLANG_ENABLE_MODULES = YES;
				CLANG_ENABLE_OBJC_ARC = YES;
				CLANG_ENABLE_OBJC_WEAK = YES;
				CLANG_WARN_BLOCK_CAPTURE_AUTORELEASING = YES;
				CLANG_WARN_BOOL_CONVERSION = YES;
				CLANG_WARN_COMMA = YES;
				CLANG_WARN_CONSTANT_CONVERSION = YES;
				CLANG_WARN_DEPRECATED_OBJC_IMPLEMENTATIONS = YES;
				CLANG_WARN_DIRECT_OBJC_ISA_USAGE = YES_ERROR;
				CLANG_WARN_DOCUMENTATION_COMMENTS = YES;
				CLANG_WARN_EMPTY_BODY = YES;
				CLANG_WARN_ENUM_CONVERSION = YES;
				CLANG_WARN_INFINITE_RECURSION = YES;
				CLANG_WARN_INT_CONVERSION = YES;
				CLANG_WARN_NON_LITERAL_NULL_CONVERSION = YES;
				CLANG_WARN_OBJC_IMPLICIT_RETAIN_SELF = YES;
				CLANG_WARN_OBJC_LITERAL_CONVERSION = YES;
				CLANG_WARN_OBJC_ROOT_CLASS = YES_ERROR;
				CLANG_WARN_QUOTED_INCLUDE_IN_FRAMEWORK_HEADER = YES;
				CLANG_WARN_RANGE_LOOP_ANALYSIS = YES;
				CLANG_WARN_STRICT_PROTOTYPES = YES;
				CLANG_WARN_SUSPICIOUS_MOVE = YES;
				CLANG_WARN_UNGUARDED_AVAILABILITY = YES_AGGRESSIVE;
				CLANG_WARN_UNREACHABLE_CODE = YES;
				CLANG_WARN__DUPLICATE_METHOD_MATCH = YES;
				COPY_PHASE_STRIP = NO;
				DEBUG_INFORMATION_FORMAT = "dwarf-with-dsym";
				ENABLE_NS_ASSERTIONS = NO;
				ENABLE_STRICT_OBJC_MSGSEND = YES;
				GCC_C_LANGUAGE_STANDARD = gnu11;
				GCC_NO_COMMON_BLOCKS = YES;
				GCC_WARN_64_TO_32_BIT_CONVERSION = YES;
				GCC_WARN_ABOUT_RETURN_TYPE = YES_ERROR;
				GCC_WARN_UNDECLARED_SELECTOR = YES;
				GCC_WARN_UNINITIALIZED_AUTOS = YES_AGGRESSIVE;
				GCC_WARN_UNUSED_FUNCTION = YES;
				GCC_WARN_UNUSED_VARIABLE = YES;
				MTL_ENABLE_DEBUG_INFO = NO;
				MTL_FAST_MATH = YES;
				SWIFT_COMPILATION_MODE = wholemodule;
				SWIFT_OPTIMIZATION_LEVEL = "-O";
			};
			name = Release;
		};
		6308B4A32AB4189F00CFEA4D /* Debug */ = {
			isa = XCBuildConfiguration;
			buildSettings = {
				ASSETCATALOG_COMPILER_APPICON_NAME = AppIcon;
				ASSETCATALOG_COMPILER_GLOBAL_ACCENT_COLOR_NAME = AccentColor;
				CODE_SIGN_ENTITLEMENTS = BuyLikeLion/BuyLikeLion.entitlements;
				CODE_SIGN_STYLE = Automatic;
				CURRENT_PROJECT_VERSION = 1;
				DEVELOPMENT_ASSET_PATHS = "\"BuyLikeLion/Preview Content\"";
				DEVELOPMENT_TEAM = 6R3M7VGRP2;
				ENABLE_HARDENED_RUNTIME = YES;
				ENABLE_PREVIEWS = YES;
				GENERATE_INFOPLIST_FILE = YES;
				"INFOPLIST_KEY_UIApplicationSceneManifest_Generation[sdk=iphoneos*]" = YES;
				"INFOPLIST_KEY_UIApplicationSceneManifest_Generation[sdk=iphonesimulator*]" = YES;
				"INFOPLIST_KEY_UIApplicationSupportsIndirectInputEvents[sdk=iphoneos*]" = YES;
				"INFOPLIST_KEY_UIApplicationSupportsIndirectInputEvents[sdk=iphonesimulator*]" = YES;
				"INFOPLIST_KEY_UILaunchScreen_Generation[sdk=iphoneos*]" = YES;
				"INFOPLIST_KEY_UILaunchScreen_Generation[sdk=iphonesimulator*]" = YES;
				"INFOPLIST_KEY_UIStatusBarStyle[sdk=iphoneos*]" = UIStatusBarStyleDefault;
				"INFOPLIST_KEY_UIStatusBarStyle[sdk=iphonesimulator*]" = UIStatusBarStyleDefault;
				INFOPLIST_KEY_UISupportedInterfaceOrientations_iPad = "UIInterfaceOrientationPortrait UIInterfaceOrientationPortraitUpsideDown UIInterfaceOrientationLandscapeLeft UIInterfaceOrientationLandscapeRight";
				INFOPLIST_KEY_UISupportedInterfaceOrientations_iPhone = "UIInterfaceOrientationPortrait UIInterfaceOrientationLandscapeLeft UIInterfaceOrientationLandscapeRight";
				IPHONEOS_DEPLOYMENT_TARGET = 16.0;
				LD_RUNPATH_SEARCH_PATHS = "@executable_path/Frameworks";
				"LD_RUNPATH_SEARCH_PATHS[sdk=macosx*]" = "@executable_path/../Frameworks";
				MACOSX_DEPLOYMENT_TARGET = 13.3;
				MARKETING_VERSION = 1.0;
				PRODUCT_BUNDLE_IDENTIFIER = com.iseungjun.BuyLikeLion;
				PRODUCT_NAME = "$(TARGET_NAME)";
				SDKROOT = auto;
				SUPPORTED_PLATFORMS = "iphoneos iphonesimulator macosx";
				SWIFT_EMIT_LOC_STRINGS = YES;
				SWIFT_VERSION = 5.0;
				TARGETED_DEVICE_FAMILY = "1,2";
			};
			name = Debug;
		};
		6308B4A42AB4189F00CFEA4D /* Release */ = {
			isa = XCBuildConfiguration;
			buildSettings = {
				ASSETCATALOG_COMPILER_APPICON_NAME = AppIcon;
				ASSETCATALOG_COMPILER_GLOBAL_ACCENT_COLOR_NAME = AccentColor;
				CODE_SIGN_ENTITLEMENTS = BuyLikeLion/BuyLikeLion.entitlements;
				CODE_SIGN_STYLE = Automatic;
				CURRENT_PROJECT_VERSION = 1;
				DEVELOPMENT_ASSET_PATHS = "\"BuyLikeLion/Preview Content\"";
				DEVELOPMENT_TEAM = 6R3M7VGRP2;
				ENABLE_HARDENED_RUNTIME = YES;
				ENABLE_PREVIEWS = YES;
				GENERATE_INFOPLIST_FILE = YES;
				"INFOPLIST_KEY_UIApplicationSceneManifest_Generation[sdk=iphoneos*]" = YES;
				"INFOPLIST_KEY_UIApplicationSceneManifest_Generation[sdk=iphonesimulator*]" = YES;
				"INFOPLIST_KEY_UIApplicationSupportsIndirectInputEvents[sdk=iphoneos*]" = YES;
				"INFOPLIST_KEY_UIApplicationSupportsIndirectInputEvents[sdk=iphonesimulator*]" = YES;
				"INFOPLIST_KEY_UILaunchScreen_Generation[sdk=iphoneos*]" = YES;
				"INFOPLIST_KEY_UILaunchScreen_Generation[sdk=iphonesimulator*]" = YES;
				"INFOPLIST_KEY_UIStatusBarStyle[sdk=iphoneos*]" = UIStatusBarStyleDefault;
				"INFOPLIST_KEY_UIStatusBarStyle[sdk=iphonesimulator*]" = UIStatusBarStyleDefault;
				INFOPLIST_KEY_UISupportedInterfaceOrientations_iPad = "UIInterfaceOrientationPortrait UIInterfaceOrientationPortraitUpsideDown UIInterfaceOrientationLandscapeLeft UIInterfaceOrientationLandscapeRight";
				INFOPLIST_KEY_UISupportedInterfaceOrientations_iPhone = "UIInterfaceOrientationPortrait UIInterfaceOrientationLandscapeLeft UIInterfaceOrientationLandscapeRight";
				IPHONEOS_DEPLOYMENT_TARGET = 16.0;
				LD_RUNPATH_SEARCH_PATHS = "@executable_path/Frameworks";
				"LD_RUNPATH_SEARCH_PATHS[sdk=macosx*]" = "@executable_path/../Frameworks";
				MACOSX_DEPLOYMENT_TARGET = 13.3;
				MARKETING_VERSION = 1.0;
				PRODUCT_BUNDLE_IDENTIFIER = com.iseungjun.BuyLikeLion;
				PRODUCT_NAME = "$(TARGET_NAME)";
				SDKROOT = auto;
				SUPPORTED_PLATFORMS = "iphoneos iphonesimulator macosx";
				SWIFT_EMIT_LOC_STRINGS = YES;
				SWIFT_VERSION = 5.0;
				TARGETED_DEVICE_FAMILY = "1,2";
			};
			name = Release;
		};
/* End XCBuildConfiguration section */

/* Begin XCConfigurationList section */
		6308B48E2AB4189E00CFEA4D /* Build configuration list for PBXProject "BuyLikeLion" */ = {
			isa = XCConfigurationList;
			buildConfigurations = (
				6308B4A02AB4189F00CFEA4D /* Debug */,
				6308B4A12AB4189F00CFEA4D /* Release */,
			);
			defaultConfigurationIsVisible = 0;
			defaultConfigurationName = Release;
		};
		6308B4A22AB4189F00CFEA4D /* Build configuration list for PBXNativeTarget "BuyLikeLion" */ = {
			isa = XCConfigurationList;
			buildConfigurations = (
				6308B4A32AB4189F00CFEA4D /* Debug */,
				6308B4A42AB4189F00CFEA4D /* Release */,
			);
			defaultConfigurationIsVisible = 0;
			defaultConfigurationName = Release;
		};
/* End XCConfigurationList section */

/* Begin XCRemoteSwiftPackageReference section */
		6308B4A72AB41A4700CFEA4D /* XCRemoteSwiftPackageReference "firebase-ios-sdk" */ = {
			isa = XCRemoteSwiftPackageReference;
			repositoryURL = "https://github.com/firebase/firebase-ios-sdk";
			requirement = {
				kind = upToNextMajorVersion;
				minimumVersion = 10.0.0;
			};
		};
/* End XCRemoteSwiftPackageReference section */

/* Begin XCSwiftPackageProductDependency section */
		6308B4A82AB41A4700CFEA4D /* FirebaseAuth */ = {
			isa = XCSwiftPackageProductDependency;
			package = 6308B4A72AB41A4700CFEA4D /* XCRemoteSwiftPackageReference "firebase-ios-sdk" */;
			productName = FirebaseAuth;
		};
		6308B4AA2AB41A4700CFEA4D /* FirebaseDatabase */ = {
			isa = XCSwiftPackageProductDependency;
			package = 6308B4A72AB41A4700CFEA4D /* XCRemoteSwiftPackageReference "firebase-ios-sdk" */;
			productName = FirebaseDatabase;
		};
		6308B4AC2AB41A4700CFEA4D /* FirebaseDatabaseSwift */ = {
			isa = XCSwiftPackageProductDependency;
			package = 6308B4A72AB41A4700CFEA4D /* XCRemoteSwiftPackageReference "firebase-ios-sdk" */;
			productName = FirebaseDatabaseSwift;
		};
		6308B4AE2AB41A4700CFEA4D /* FirebaseFirestore */ = {
			isa = XCSwiftPackageProductDependency;
			package = 6308B4A72AB41A4700CFEA4D /* XCRemoteSwiftPackageReference "firebase-ios-sdk" */;
			productName = FirebaseFirestore;
		};
		6308B4B02AB41A4700CFEA4D /* FirebaseFirestoreCombine-Community */ = {
			isa = XCSwiftPackageProductDependency;
			package = 6308B4A72AB41A4700CFEA4D /* XCRemoteSwiftPackageReference "firebase-ios-sdk" */;
			productName = "FirebaseFirestoreCombine-Community";
		};
		6308B4B22AB41A4700CFEA4D /* FirebaseFirestoreSwift */ = {
			isa = XCSwiftPackageProductDependency;
			package = 6308B4A72AB41A4700CFEA4D /* XCRemoteSwiftPackageReference "firebase-ios-sdk" */;
			productName = FirebaseFirestoreSwift;
		};
		6308B4B42AB41A4700CFEA4D /* FirebaseMessaging */ = {
			isa = XCSwiftPackageProductDependency;
			package = 6308B4A72AB41A4700CFEA4D /* XCRemoteSwiftPackageReference "firebase-ios-sdk" */;
			productName = FirebaseMessaging;
		};
		6308B4B62AB41A4700CFEA4D /* FirebaseStorage */ = {
			isa = XCSwiftPackageProductDependency;
			package = 6308B4A72AB41A4700CFEA4D /* XCRemoteSwiftPackageReference "firebase-ios-sdk" */;
			productName = FirebaseStorage;
		};
/* End XCSwiftPackageProductDependency section */
	};
	rootObject = 6308B48B2AB4189E00CFEA4D /* Project object */;
}
